
Microsoft Visual Studio Solution File, Format Version 12.00
# Visual Studio 15
Project("{FAE04EC0-301F-11D3-BF4B-00C04F79EFBC}") = "Assembly-CSharp", "Assembly-CSharp.csproj", "{D7277881-5F85-1904-45C8-747735567FAD}"
EndProject
Project("{FAE04EC0-301F-11D3-BF4B-00C04F79EFBC}") = "MoreMountains.NiceVibrations.Haptics", "MoreMountains.NiceVibrations.Haptics.csproj", "{6B6C0996-B391-C763-41AA-10141D0EF6AD}"
EndProject
Project("{FAE04EC0-301F-11D3-BF4B-00C04F79EFBC}") = "ToonyColorsPro2.Demo", "ToonyColorsPro2.Demo.csproj", "{28EDD162-ED53-F9F8-F9AF-B21A24131CF1}"
EndProject
Project("{FAE04EC0-301F-11D3-BF4B-00C04F79EFBC}") = "MoreMountains.NiceVibrations", "MoreMountains.NiceVibrations.csproj", "{A3BFAAEB-1FC1-0BCD-BBC5-A551A07ABFC2}"
EndProject
Project("{FAE04EC0-301F-11D3-BF4B-00C04F79EFBC}") = "KinoBloom.Runtime", "KinoBloom.Runtime.csproj", "{F983CA70-A6B4-864C-160A-C8BA264395C8}"
EndProject
Project("{FAE04EC0-301F-11D3-BF4B-00C04F79EFBC}") = "ToonyColorsPro.Runtime", "ToonyColorsPro.Runtime.csproj", "{71D0146B-340D-50A5-A3B9-B67231B09E18}"
EndProject
Project("{FAE04EC0-301F-11D3-BF4B-00C04F79EFBC}") = "Assembly-CSharp-firstpass", "Assembly-CSharp-firstpass.csproj", "{91E580B5-0C8E-37F6-25BD-D50BC5D45E71}"
EndProject
Project("{FAE04EC0-301F-11D3-BF4B-00C04F79EFBC}") = "ToonyColorsPro.Editor", "ToonyColorsPro.Editor.csproj", "{CABD7BFD-0D40-2ED7-2875-896747DD0BCE}"
EndProject
Project("{FAE04EC0-301F-11D3-BF4B-00C04F79EFBC}") = "Assembly-CSharp-Editor", "Assembly-CSharp-Editor.csproj", "{0D6C7310-A1DB-F8A5-60D8-CDDBCCCA2EF2}"
EndProject
Project("{FAE04EC0-301F-11D3-BF4B-00C04F79EFBC}") = "ToonyColorsPro.Demo.Editor", "ToonyColorsPro.Demo.Editor.csproj", "{2E89F2D4-D36C-DA41-48B8-EF7CCC796613}"
EndProject
Project("{FAE04EC0-301F-11D3-BF4B-00C04F79EFBC}") = "MoreMountains.NiceVibrations.Editor", "MoreMountains.NiceVibrations.Editor.csproj", "{B1FE8CAA-141B-1FBD-4FE2-AB8B916E1CBD}"
EndProject
Global
	GlobalSection(SolutionConfigurationPlatforms) = preSolution
		Debug|Any CPU = Debug|Any CPU
		Release|Any CPU = Release|Any CPU
	EndGlobalSection
	GlobalSection(ProjectConfigurationPlatforms) = postSolution
		{D7277881-5F85-1904-45C8-747735567FAD}.Debug|Any CPU.ActiveCfg = Debug|Any CPU
		{D7277881-5F85-1904-45C8-747735567FAD}.Debug|Any CPU.Build.0 = Debug|Any CPU
		{D7277881-5F85-1904-45C8-747735567FAD}.Release|Any CPU.ActiveCfg = Release|Any CPU
		{D7277881-5F85-1904-45C8-747735567FAD}.Release|Any CPU.Build.0 = Release|Any CPU
		{6B6C0996-B391-C763-41AA-10141D0EF6AD}.Debug|Any CPU.ActiveCfg = Debug|Any CPU
		{6B6C0996-B391-C763-41AA-10141D0EF6AD}.Debug|Any CPU.Build.0 = Debug|Any CPU
		{6B6C0996-B391-C763-41AA-10141D0EF6AD}.Release|Any CPU.ActiveCfg = Release|Any CPU
		{6B6C0996-B391-C763-41AA-10141D0EF6AD}.Release|Any CPU.Build.0 = Release|Any CPU
		{28EDD162-ED53-F9F8-F9AF-B21A24131CF1}.Debug|Any CPU.ActiveCfg = Debug|Any CPU
		{28EDD162-ED53-F9F8-F9AF-B21A24131CF1}.Debug|Any CPU.Build.0 = Debug|Any CPU
		{28EDD162-ED53-F9F8-F9AF-B21A24131CF1}.Release|Any CPU.ActiveCfg = Release|Any CPU
		{28EDD162-ED53-F9F8-F9AF-B21A24131CF1}.Release|Any CPU.Build.0 = Release|Any CPU
		{A3BFAAEB-1FC1-0BCD-BBC5-A551A07ABFC2}.Debug|Any CPU.ActiveCfg = Debug|Any CPU
		{A3BFAAEB-1FC1-0BCD-BBC5-A551A07ABFC2}.Debug|Any CPU.Build.0 = Debug|Any CPU
		{A3BFAAEB-1FC1-0BCD-BBC5-A551A07ABFC2}.Release|Any CPU.ActiveCfg = Release|Any CPU
		{A3BFAAEB-1FC1-0BCD-BBC5-A551A07ABFC2}.Release|Any CPU.Build.0 = Release|Any CPU
		{F983CA70-A6B4-864C-160A-C8BA264395C8}.Debug|Any CPU.ActiveCfg = Debug|Any CPU
		{F983CA70-A6B4-864C-160A-C8BA264395C8}.Debug|Any CPU.Build.0 = Debug|Any CPU
		{F983CA70-A6B4-864C-160A-C8BA264395C8}.Release|Any CPU.ActiveCfg = Release|Any CPU
		{F983CA70-A6B4-864C-160A-C8BA264395C8}.Release|Any CPU.Build.0 = Release|Any CPU
		{71D0146B-340D-50A5-A3B9-B67231B09E18}.Debug|Any CPU.ActiveCfg = Debug|Any CPU
		{71D0146B-340D-50A5-A3B9-B67231B09E18}.Debug|Any CPU.Build.0 = Debug|Any CPU
		{71D0146B-340D-50A5-A3B9-B67231B09E18}.Release|Any CPU.ActiveCfg = Release|Any CPU
		{71D0146B-340D-50A5-A3B9-B67231B09E18}.Release|Any CPU.Build.0 = Release|Any CPU
		{91E580B5-0C8E-37F6-25BD-D50BC5D45E71}.Debug|Any CPU.ActiveCfg = Debug|Any CPU
		{91E580B5-0C8E-37F6-25BD-D50BC5D45E71}.Debug|Any CPU.Build.0 = Debug|Any CPU
		{91E580B5-0C8E-37F6-25BD-D50BC5D45E71}.Release|Any CPU.ActiveCfg = Release|Any CPU
		{91E580B5-0C8E-37F6-25BD-D50BC5D45E71}.Release|Any CPU.Build.0 = Release|Any CPU
		{CABD7BFD-0D40-2ED7-2875-896747DD0BCE}.Debug|Any CPU.ActiveCfg = Debug|Any CPU
		{CABD7BFD-0D40-2ED7-2875-896747DD0BCE}.Debug|Any CPU.Build.0 = Debug|Any CPU
		{CABD7BFD-0D40-2ED7-2875-896747DD0BCE}.Release|Any CPU.ActiveCfg = Release|Any CPU
		{CABD7BFD-0D40-2ED7-2875-896747DD0BCE}.Release|Any CPU.Build.0 = Release|Any CPU
		{0D6C7310-A1DB-F8A5-60D8-CDDBCCCA2EF2}.Debug|Any CPU.ActiveCfg = Debug|Any CPU
		{0D6C7310-A1DB-F8A5-60D8-CDDBCCCA2EF2}.Debug|Any CPU.Build.0 = Debug|Any CPU
		{0D6C7310-A1DB-F8A5-60D8-CDDBCCCA2EF2}.Release|Any CPU.ActiveCfg = Release|Any CPU
		{0D6C7310-A1DB-F8A5-60D8-CDDBCCCA2EF2}.Release|Any CPU.Build.0 = Release|Any CPU
		{2E89F2D4-D36C-DA41-48B8-EF7CCC796613}.Debug|Any CPU.ActiveCfg = Debug|Any CPU
		{2E89F2D4-D36C-DA41-48B8-EF7CCC796613}.Debug|Any CPU.Build.0 = Debug|Any CPU
		{2E89F2D4-D36C-DA41-48B8-EF7CCC796613}.Release|Any CPU.ActiveCfg = Release|Any CPU
		{2E89F2D4-D36C-DA41-48B8-EF7CCC796613}.Release|Any CPU.Build.0 = Release|Any CPU
		{B1FE8CAA-141B-1FBD-4FE2-AB8B916E1CBD}.Debug|Any CPU.ActiveCfg = Debug|Any CPU
		{B1FE8CAA-141B-1FBD-4FE2-AB8B916E1CBD}.Debug|Any CPU.Build.0 = Debug|Any CPU
		{B1FE8CAA-141B-1FBD-4FE2-AB8B916E1CBD}.Release|Any CPU.ActiveCfg = Release|Any CPU
		{B1FE8CAA-141B-1FBD-4FE2-AB8B916E1CBD}.Release|Any CPU.Build.0 = Release|Any CPU
	EndGlobalSection
	GlobalSection(SolutionProperties) = preSolution
		HideSolutionNode = FALSE
	EndGlobalSection
EndGlobal
