
Microsoft Visual Studio Solution File, Format Version 12.00
# Visual Studio 15
Project("{FAE04EC0-301F-11D3-BF4B-00C04F79EFBC}") = "Assembly-CSharp", "Assembly-CSharp.csproj", "{D7277881-5F85-1904-45C8-747735567FAD}"
EndProject
Project("{FAE04EC0-301F-11D3-BF4B-00C04F79EFBC}") = "GameAnalyticsSDK", "GameAnalyticsSDK.csproj", "{0ACB9ACC-101C-5890-9D36-F9C6C6EE121B}"
EndProject
Project("{FAE04EC0-301F-11D3-BF4B-00C04F79EFBC}") = "ToonyColorsPro2.Demo", "ToonyColorsPro2.Demo.csproj", "{28EDD162-ED53-F9F8-F9AF-B21A24131CF1}"
EndProject
Project("{FAE04EC0-301F-11D3-BF4B-00C04F79EFBC}") = "KinoBloom.Runtime", "KinoBloom.Runtime.csproj", "{F983CA70-A6B4-864C-160A-C8BA264395C8}"
EndProject
Project("{FAE04EC0-301F-11D3-BF4B-00C04F79EFBC}") = "ToonyColorsPro.Runtime", "ToonyColorsPro.Runtime.csproj", "{71D0146B-340D-50A5-A3B9-B67231B09E18}"
EndProject
Project("{FAE04EC0-301F-11D3-BF4B-00C04F79EFBC}") = "Assembly-CSharp-firstpass", "Assembly-CSharp-firstpass.csproj", "{91E580B5-0C8E-37F6-25BD-D50BC5D45E71}"
EndProject
Project("{FAE04EC0-301F-11D3-BF4B-00C04F79EFBC}") = "ToonyColorsPro.Editor", "ToonyColorsPro.Editor.csproj", "{CABD7BFD-0D40-2ED7-2875-896747DD0BCE}"
EndProject
Project("{FAE04EC0-301F-11D3-BF4B-00C04F79EFBC}") = "Assembly-CSharp-Editor", "Assembly-CSharp-Editor.csproj", "{0D6C7310-A1DB-F8A5-60D8-CDDBCCCA2EF2}"
EndProject
Project("{FAE04EC0-301F-11D3-BF4B-00C04F79EFBC}") = "GameAnalyticsSDK.Editor", "GameAnalyticsSDK.Editor.csproj", "{44087578-488D-ACDF-627F-7B6EEFBF3BFB}"
EndProject
Project("{FAE04EC0-301F-11D3-BF4B-00C04F79EFBC}") = "ToonyColorsPro.Demo.Editor", "ToonyColorsPro.Demo.Editor.csproj", "{2E89F2D4-D36C-DA41-48B8-EF7CCC796613}"
EndProject
Global
	GlobalSection(SolutionConfigurationPlatforms) = preSolution
		Debug|Any CPU = Debug|Any CPU
		Release|Any CPU = Release|Any CPU
	EndGlobalSection
	GlobalSection(ProjectConfigurationPlatforms) = postSolution
		{D7277881-5F85-1904-45C8-747735567FAD}.Debug|Any CPU.ActiveCfg = Debug|Any CPU
		{D7277881-5F85-1904-45C8-747735567FAD}.Debug|Any CPU.Build.0 = Debug|Any CPU
		{D7277881-5F85-1904-45C8-747735567FAD}.Release|Any CPU.ActiveCfg = Release|Any CPU
		{D7277881-5F85-1904-45C8-747735567FAD}.Release|Any CPU.Build.0 = Release|Any CPU
		{0ACB9ACC-101C-5890-9D36-F9C6C6EE121B}.Debug|Any CPU.ActiveCfg = Debug|Any CPU
		{0ACB9ACC-101C-5890-9D36-F9C6C6EE121B}.Debug|Any CPU.Build.0 = Debug|Any CPU
		{0ACB9ACC-101C-5890-9D36-F9C6C6EE121B}.Release|Any CPU.ActiveCfg = Release|Any CPU
		{0ACB9ACC-101C-5890-9D36-F9C6C6EE121B}.Release|Any CPU.Build.0 = Release|Any CPU
		{28EDD162-ED53-F9F8-F9AF-B21A24131CF1}.Debug|Any CPU.ActiveCfg = Debug|Any CPU
		{28EDD162-ED53-F9F8-F9AF-B21A24131CF1}.Debug|Any CPU.Build.0 = Debug|Any CPU
		{28EDD162-ED53-F9F8-F9AF-B21A24131CF1}.Release|Any CPU.ActiveCfg = Release|Any CPU
		{28EDD162-ED53-F9F8-F9AF-B21A24131CF1}.Release|Any CPU.Build.0 = Release|Any CPU
		{F983CA70-A6B4-864C-160A-C8BA264395C8}.Debug|Any CPU.ActiveCfg = Debug|Any CPU
		{F983CA70-A6B4-864C-160A-C8BA264395C8}.Debug|Any CPU.Build.0 = Debug|Any CPU
		{F983CA70-A6B4-864C-160A-C8BA264395C8}.Release|Any CPU.ActiveCfg = Release|Any CPU
		{F983CA70-A6B4-864C-160A-C8BA264395C8}.Release|Any CPU.Build.0 = Release|Any CPU
		{71D0146B-340D-50A5-A3B9-B67231B09E18}.Debug|Any CPU.ActiveCfg = Debug|Any CPU
		{71D0146B-340D-50A5-A3B9-B67231B09E18}.Debug|Any CPU.Build.0 = Debug|Any CPU
		{71D0146B-340D-50A5-A3B9-B67231B09E18}.Release|Any CPU.ActiveCfg = Release|Any CPU
		{71D0146B-340D-50A5-A3B9-B67231B09E18}.Release|Any CPU.Build.0 = Release|Any CPU
		{91E580B5-0C8E-37F6-25BD-D50BC5D45E71}.Debug|Any CPU.ActiveCfg = Debug|Any CPU
		{91E580B5-0C8E-37F6-25BD-D50BC5D45E71}.Debug|Any CPU.Build.0 = Debug|Any CPU
		{91E580B5-0C8E-37F6-25BD-D50BC5D45E71}.Release|Any CPU.ActiveCfg = Release|Any CPU
		{91E580B5-0C8E-37F6-25BD-D50BC5D45E71}.Release|Any CPU.Build.0 = Release|Any CPU
		{CABD7BFD-0D40-2ED7-2875-896747DD0BCE}.Debug|Any CPU.ActiveCfg = Debug|Any CPU
		{CABD7BFD-0D40-2ED7-2875-896747DD0BCE}.Debug|Any CPU.Build.0 = Debug|Any CPU
		{CABD7BFD-0D40-2ED7-2875-896747DD0BCE}.Release|Any CPU.ActiveCfg = Release|Any CPU
		{CABD7BFD-0D40-2ED7-2875-896747DD0BCE}.Release|Any CPU.Build.0 = Release|Any CPU
		{0D6C7310-A1DB-F8A5-60D8-CDDBCCCA2EF2}.Debug|Any CPU.ActiveCfg = Debug|Any CPU
		{0D6C7310-A1DB-F8A5-60D8-CDDBCCCA2EF2}.Debug|Any CPU.Build.0 = Debug|Any CPU
		{0D6C7310-A1DB-F8A5-60D8-CDDBCCCA2EF2}.Release|Any CPU.ActiveCfg = Release|Any CPU
		{0D6C7310-A1DB-F8A5-60D8-CDDBCCCA2EF2}.Release|Any CPU.Build.0 = Release|Any CPU
		{44087578-488D-ACDF-627F-7B6EEFBF3BFB}.Debug|Any CPU.ActiveCfg = Debug|Any CPU
		{44087578-488D-ACDF-627F-7B6EEFBF3BFB}.Debug|Any CPU.Build.0 = Debug|Any CPU
		{44087578-488D-ACDF-627F-7B6EEFBF3BFB}.Release|Any CPU.ActiveCfg = Release|Any CPU
		{44087578-488D-ACDF-627F-7B6EEFBF3BFB}.Release|Any CPU.Build.0 = Release|Any CPU
		{2E89F2D4-D36C-DA41-48B8-EF7CCC796613}.Debug|Any CPU.ActiveCfg = Debug|Any CPU
		{2E89F2D4-D36C-DA41-48B8-EF7CCC796613}.Debug|Any CPU.Build.0 = Debug|Any CPU
		{2E89F2D4-D36C-DA41-48B8-EF7CCC796613}.Release|Any CPU.ActiveCfg = Release|Any CPU
		{2E89F2D4-D36C-DA41-48B8-EF7CCC796613}.Release|Any CPU.Build.0 = Release|Any CPU
	EndGlobalSection
	GlobalSection(SolutionProperties) = preSolution
		HideSolutionNode = FALSE
	EndGlobalSection
EndGlobal
